
Microsoft Visual Studio Solution File, Format Version 12.00
# Visual Studio Version 17
VisualStudioVersion = 17.7.34009.444
MinimumVisualStudioVersion = 10.0.40219.1
Project("{9A19103F-16F7-4668-BE54-9A1E7A4F7556}") = "ApiDoAn", "ApiDoAn\ApiDoAn.csproj", "{B2696ABB-B153-49AC-912F-3146F604B3C0}"
EndProject
Global
	GlobalSection(SolutionConfigurationPlatforms) = preSolution
		Debug|Any CPU = Debug|Any CPU
		Release|Any CPU = Release|Any CPU
	EndGlobalSection
	GlobalSection(ProjectConfigurationPlatforms) = postSolution
		{B2696ABB-B153-49AC-912F-3146F604B3C0}.Debug|Any CPU.ActiveCfg = Debug|Any CPU
		{B2696ABB-B153-49AC-912F-3146F604B3C0}.Debug|Any CPU.Build.0 = Debug|Any CPU
		{B2696ABB-B153-49AC-912F-3146F604B3C0}.Release|Any CPU.ActiveCfg = Release|Any CPU
		{B2696ABB-B153-49AC-912F-3146F604B3C0}.Release|Any CPU.Build.0 = Release|Any CPU
	EndGlobalSection
	GlobalSection(SolutionProperties) = preSolution
		HideSolutionNode = FALSE
	EndGlobalSection
	GlobalSection(ExtensibilityGlobals) = postSolution
		SolutionGuid = {1FFC2272-96CA-4B4E-AD5F-AA334CD1A31A}
	EndGlobalSection
EndGlobal
